// !$*UTF8*$!
{
	archiveVersion = 1;
	classes = {
	};
	objectVersion = 46;
	objects = {

/* Begin PBXBuildFile section */
		3DB694DE1D1EBC8700DB8A07 /* main.m in Sources */ = {isa = PBXBuildFile; fileRef = 3DB694DD1D1EBC8700DB8A07 /* main.m */; };
		3DB694E11D1EBC8700DB8A07 /* AppDelegate.m in Sources */ = {isa = PBXBuildFile; fileRef = 3DB694E01D1EBC8700DB8A07 /* AppDelegate.m */; };
		3DB694E41D1EBC8700DB8A07 /* ViewController.m in Sources */ = {isa = PBXBuildFile; fileRef = 3DB694E31D1EBC8700DB8A07 /* ViewController.m */; };
		3DB694E71D1EBC8700DB8A07 /* Main.storyboard in Resources */ = {isa = PBXBuildFile; fileRef = 3DB694E51D1EBC8700DB8A07 /* Main.storyboard */; };
		3DB694EA1D1EBC8700DB8A07 /* function.xcdatamodeld in Sources */ = {isa = PBXBuildFile; fileRef = 3DB694E81D1EBC8700DB8A07 /* function.xcdatamodeld */; };
		3DB694EC1D1EBC8700DB8A07 /* Assets.xcassets in Resources */ = {isa = PBXBuildFile; fileRef = 3DB694EB1D1EBC8700DB8A07 /* Assets.xcassets */; };
		3DB694EF1D1EBC8700DB8A07 /* LaunchScreen.storyboard in Resources */ = {isa = PBXBuildFile; fileRef = 3DB694ED1D1EBC8700DB8A07 /* LaunchScreen.storyboard */; };
		3DB694FA1D1EBCD100DB8A07 /* AZCommonUtils.m in Sources */ = {isa = PBXBuildFile; fileRef = 3DB694F91D1EBCD100DB8A07 /* AZCommonUtils.m */; };
/* End PBXBuildFile section */

/* Begin PBXFileReference section */
		3DB694D91D1EBC8700DB8A07 /* function.app */ = {isa = PBXFileReference; explicitFileType = wrapper.application; includeInIndex = 0; path = function.app; sourceTree = BUILT_PRODUCTS_DIR; };
		3DB694DD1D1EBC8700DB8A07 /* main.m */ = {isa = PBXFileReference; lastKnownFileType = sourcecode.c.objc; path = main.m; sourceTree = "<group>"; };
		3DB694DF1D1EBC8700DB8A07 /* AppDelegate.h */ = {isa = PBXFileReference; lastKnownFileType = sourcecode.c.h; path = AppDelegate.h; sourceTree = "<group>"; };
		3DB694E01D1EBC8700DB8A07 /* AppDelegate.m */ = {isa = PBXFileReference; lastKnownFileType = sourcecode.c.objc; path = AppDelegate.m; sourceTree = "<group>"; };
		3DB694E21D1EBC8700DB8A07 /* ViewController.h */ = {isa = PBXFileReference; lastKnownFileType = sourcecode.c.h; path = ViewController.h; sourceTree = "<group>"; };
		3DB694E31D1EBC8700DB8A07 /* ViewController.m */ = {isa = PBXFileReference; lastKnownFileType = sourcecode.c.objc; path = ViewController.m; sourceTree = "<group>"; };
		3DB694E61D1EBC8700DB8A07 /* Base */ = {isa = PBXFileReference; lastKnownFileType = file.storyboard; name = Base; path = Base.lproj/Main.storyboard; sourceTree = "<group>"; };
		3DB694E91D1EBC8700DB8A07 /* function.xcdatamodel */ = {isa = PBXFileReference; lastKnownFileType = wrapper.xcdatamodel; path = function.xcdatamodel; sourceTree = "<group>"; };
		3DB694EB1D1EBC8700DB8A07 /* Assets.xcassets */ = {isa = PBXFileReference; lastKnownFileType = folder.assetcatalog; path = Assets.xcassets; sourceTree = "<group>"; };
		3DB694EE1D1EBC8700DB8A07 /* Base */ = {isa = PBXFileReference; lastKnownFileType = file.storyboard; name = Base; path = Base.lproj/LaunchScreen.storyboard; sourceTree = "<group>"; };
		3DB694F01D1EBC8700DB8A07 /* Info.plist */ = {isa = PBXFileReference; lastKnownFileType = text.plist.xml; path = Info.plist; sourceTree = "<group>"; };
		3DB694F81D1EBCD100DB8A07 /* AZCommonUtils.h */ = {isa = PBXFileReference; fileEncoding = 4; lastKnownFileType = sourcecode.c.h; path = AZCommonUtils.h; sourceTree = "<group>"; };
		3DB694F91D1EBCD100DB8A07 /* AZCommonUtils.m */ = {isa = PBXFileReference; fileEncoding = 4; lastKnownFileType = sourcecode.c.objc; path = AZCommonUtils.m; sourceTree = "<group>"; };
/* End PBXFileReference section */

/* Begin PBXFrameworksBuildPhase section */
		3DB694D61D1EBC8700DB8A07 /* Frameworks */ = {
			isa = PBXFrameworksBuildPhase;
			buildActionMask = 2147483647;
			files = (
			);
			runOnlyForDeploymentPostprocessing = 0;
		};
/* End PBXFrameworksBuildPhase section */

/* Begin PBXGroup section */
		3DB694D01D1EBC8700DB8A07 = {
			isa = PBXGroup;
			children = (
				3DB694DB1D1EBC8700DB8A07 /* function */,
				3DB694DA1D1EBC8700DB8A07 /* Products */,
			);
			sourceTree = "<group>";
		};
		3DB694DA1D1EBC8700DB8A07 /* Products */ = {
			isa = PBXGroup;
			children = (
				3DB694D91D1EBC8700DB8A07 /* function.app */,
			);
			name = Products;
			sourceTree = "<group>";
		};
		3DB694DB1D1EBC8700DB8A07 /* function */ = {
			isa = PBXGroup;
			children = (
				3DB694DF1D1EBC8700DB8A07 /* AppDelegate.h */,
				3DB694E01D1EBC8700DB8A07 /* AppDelegate.m */,
				3DB694E21D1EBC8700DB8A07 /* ViewController.h */,
				3DB694E31D1EBC8700DB8A07 /* ViewController.m */,
				3DB694E51D1EBC8700DB8A07 /* Main.storyboard */,
				3DB694EB1D1EBC8700DB8A07 /* Assets.xcassets */,
				3DB694ED1D1EBC8700DB8A07 /* LaunchScreen.storyboard */,
				3DB694F01D1EBC8700DB8A07 /* Info.plist */,
				3DB694E81D1EBC8700DB8A07 /* function.xcdatamodeld */,
				3DB694DC1D1EBC8700DB8A07 /* Supporting Files */,
				3DB694F81D1EBCD100DB8A07 /* AZCommonUtils.h */,
				3DB694F91D1EBCD100DB8A07 /* AZCommonUtils.m */,
			);
			path = function;
			sourceTree = "<group>";
		};
		3DB694DC1D1EBC8700DB8A07 /* Supporting Files */ = {
			isa = PBXGroup;
			children = (
				3DB694DD1D1EBC8700DB8A07 /* main.m */,
			);
			name = "Supporting Files";
			sourceTree = "<group>";
		};
/* End PBXGroup section */

/* Begin PBXNativeTarget section */
		3DB694D81D1EBC8700DB8A07 /* function */ = {
			isa = PBXNativeTarget;
			buildConfigurationList = 3DB694F31D1EBC8700DB8A07 /* Build configuration list for PBXNativeTarget "function" */;
			buildPhases = (
				3DB694D51D1EBC8700DB8A07 /* Sources */,
				3DB694D61D1EBC8700DB8A07 /* Frameworks */,
				3DB694D71D1EBC8700DB8A07 /* Resources */,
			);
			buildRules = (
			);
			dependencies = (
			);
			name = function;
			productName = function;
			productReference = 3DB694D91D1EBC8700DB8A07 /* function.app */;
			productType = "com.apple.product-type.application";
		};
/* End PBXNativeTarget section */

/* Begin PBXProject section */
		3DB694D11D1EBC8700DB8A07 /* Project object */ = {
			isa = PBXProject;
			attributes = {
				LastUpgradeCheck = 0730;
				ORGANIZATIONNAME = zhangzexin;
				TargetAttributes = {
					3DB694D81D1EBC8700DB8A07 = {
						CreatedOnToolsVersion = 7.3.1;
					};
				};
			};
			buildConfigurationList = 3DB694D41D1EBC8700DB8A07 /* Build configuration list for PBXProject "function" */;
			compatibilityVersion = "Xcode 3.2";
			developmentRegion = English;
			hasScannedForEncodings = 0;
			knownRegions = (
				en,
				Base,
			);
			mainGroup = 3DB694D01D1EBC8700DB8A07;
			productRefGroup = 3DB694DA1D1EBC8700DB8A07 /* Products */;
			projectDirPath = "";
			projectRoot = "";
			targets = (
				3DB694D81D1EBC8700DB8A07 /* function */,
			);
		};
/* End PBXProject section */

/* Begin PBXResourcesBuildPhase section */
		3DB694D71D1EBC8700DB8A07 /* Resources */ = {
			isa = PBXResourcesBuildPhase;
			buildActionMask = 2147483647;
			files = (
				3DB694EF1D1EBC8700DB8A07 /* LaunchScreen.storyboard in Resources */,
				3DB694EC1D1EBC8700DB8A07 /* Assets.xcassets in Resources */,
				3DB694E71D1EBC8700DB8A07 /* Main.storyboard in Resources */,
			);
			runOnlyForDeploymentPostprocessing = 0;
		};
/* End PBXResourcesBuildPhase section */

/* Begin PBXSourcesBuildPhase section */
		3DB694D51D1EBC8700DB8A07 /* Sources */ = {
			isa = PBXSourcesBuildPhase;
			buildActionMask = 2147483647;
			files = (
				3DB694E41D1EBC8700DB8A07 /* ViewController.m in Sources */,
				3DB694E11D1EBC8700DB8A07 /* AppDelegate.m in Sources */,
				3DB694DE1D1EBC8700DB8A07 /* main.m in Sources */,
				3DB694FA1D1EBCD100DB8A07 /* AZCommonUtils.m in Sources */,
				3DB694EA1D1EBC8700DB8A07 /* function.xcdatamodeld in Sources */,
			);
			runOnlyForDeploymentPostprocessing = 0;
		};
/* End PBXSourcesBuildPhase section */

/* Begin PBXVariantGroup section */
		3DB694E51D1EBC8700DB8A07 /* Main.storyboard */ = {
			isa = PBXVariantGroup;
			children = (
				3DB694E61D1EBC8700DB8A07 /* Base */,
			);
			name = Main.storyboard;
			sourceTree = "<group>";
		};
		3DB694ED1D1EBC8700DB8A07 /* LaunchScreen.storyboard */ = {
			isa = PBXVariantGroup;
			children = (
				3DB694EE1D1EBC8700DB8A07 /* Base */,
			);
			name = LaunchScreen.storyboard;
			sourceTree = "<group>";
		};
/* End PBXVariantGroup section */

/* Begin XCBuildConfiguration section */
		3DB694F11D1EBC8700DB8A07 /* Debug */ = {
			isa = XCBuildConfiguration;
			buildSettings = {
				ALWAYS_SEARCH_USER_PATHS = NO;
				CLANG_ANALYZER_NONNULL = YES;
				CLANG_CXX_LANGUAGE_STANDARD = "gnu++0x";
				CLANG_CXX_LIBRARY = "libc++";
				CLANG_ENABLE_MODULES = YES;
				CLANG_ENABLE_OBJC_ARC = YES;
				CLANG_WARN_BOOL_CONVERSION = YES;
				CLANG_WARN_CONSTANT_CONVERSION = YES;
				CLANG_WARN_DIRECT_OBJC_ISA_USAGE = YES_ERROR;
				CLANG_WARN_EMPTY_BODY = YES;
				CLANG_WARN_ENUM_CONVERSION = YES;
				CLANG_WARN_INT_CONVERSION = YES;
				CLANG_WARN_OBJC_ROOT_CLASS = YES_ERROR;
				CLANG_WARN_UNREACHABLE_CODE = YES;
				CLANG_WARN__DUPLICATE_METHOD_MATCH = YES;
				"CODE_SIGN_IDENTITY[sdk=iphoneos*]" = "iPhone Developer";
				COPY_PHASE_STRIP = NO;
				DEBUG_INFORMATION_FORMAT = dwarf;
				ENABLE_STRICT_OBJC_MSGSEND = YES;
				ENABLE_TESTABILITY = YES;
				GCC_C_LANGUAGE_STANDARD = gnu99;
				GCC_DYNAMIC_NO_PIC = NO;
				GCC_NO_COMMON_BLOCKS = YES;
				GCC_OPTIMIZATION_LEVEL = 0;
				GCC_PREPROCESSOR_DEFINITIONS = (
					"DEBUG=1",
					"$(inherited)",
				);
				GCC_WARN_64_TO_32_BIT_CONVERSION = YES;
				GCC_WARN_ABOUT_RETURN_TYPE = YES_ERROR;
				GCC_WARN_UNDECLARED_SELECTOR = YES;
				GCC_WARN_UNINITIALIZED_AUTOS = YES_AGGRESSIVE;
				GCC_WARN_UNUSED_FUNCTION = YES;
				GCC_WARN_UNUSED_VARIABLE = YES;
				IPHONEOS_DEPLOYMENT_TARGET = 9.3;
				MTL_ENABLE_DEBUG_INFO = YES;
				ONLY_ACTIVE_ARCH = YES;
				SDKROOT = iphoneos;
				TARGETED_DEVICE_FAMILY = "1,2";
			};
			name = Debug;
		};
		3DB694F21D1EBC8700DB8A07 /* Release */ = {
			isa = XCBuildConfiguration;
			buildSettings = {
				ALWAYS_SEARCH_USER_PATHS = NO;
				CLANG_ANALYZER_NONNULL = YES;
				CLANG_CXX_LANGUAGE_STANDARD = "gnu++0x";
				CLANG_CXX_LIBRARY = "libc++";
				CLANG_ENABLE_MODULES = YES;
				CLANG_ENABLE_OBJC_ARC = YES;
				CLANG_WARN_BOOL_CONVERSION = YES;
				CLANG_WARN_CONSTANT_CONVERSION = YES;
				CLANG_WARN_DIRECT_OBJC_ISA_USAGE = YES_ERROR;
				CLANG_WARN_EMPTY_BODY = YES;
				CLANG_WARN_ENUM_CONVERSION = YES;
				CLANG_WARN_INT_CONVERSION = YES;
				CLANG_WARN_OBJC_ROOT_CLASS = YES_ERROR;
				CLANG_WARN_UNREACHABLE_CODE = YES;
				CLANG_WARN__DUPLICATE_METHOD_MATCH = YES;
				"CODE_SIGN_IDENTITY[sdk=iphoneos*]" = "iPhone Developer";
				COPY_PHASE_STRIP = NO;
				DEBUG_INFORMATION_FORMAT = "dwarf-with-dsym";
				ENABLE_NS_ASSERTIONS = NO;
				ENABLE_STRICT_OBJC_MSGSEND = YES;
				GCC_C_LANGUAGE_STANDARD = gnu99;
				GCC_NO_COMMON_BLOCKS = YES;
				GCC_WARN_64_TO_32_BIT_CONVERSION = YES;
				GCC_WARN_ABOUT_RETURN_TYPE = YES_ERROR;
				GCC_WARN_UNDECLARED_SELECTOR = YES;
				GCC_WARN_UNINITIALIZED_AUTOS = YES_AGGRESSIVE;
				GCC_WARN_UNUSED_FUNCTION = YES;
				GCC_WARN_UNUSED_VARIABLE = YES;
				IPHONEOS_DEPLOYMENT_TARGET = 9.3;
				MTL_ENABLE_DEBUG_INFO = NO;
				SDKROOT = iphoneos;
				TARGETED_DEVICE_FAMILY = "1,2";
				VALIDATE_PRODUCT = YES;
			};
			name = Release;
		};
		3DB694F41D1EBC8700DB8A07 /* Debug */ = {
			isa = XCBuildConfiguration;
			buildSettings = {
				ASSETCATALOG_COMPILER_APPICON_NAME = AppIcon;
				INFOPLIST_FILE = function/Info.plist;
				LD_RUNPATH_SEARCH_PATHS = "$(inherited) @executable_path/Frameworks";
				PRODUCT_BUNDLE_IDENTIFIER = "-11.function";
				PRODUCT_NAME = "$(TARGET_NAME)";
			};
			name = Debug;
		};
		3DB694F51D1EBC8700DB8A07 /* Release */ = {
			isa = XCBuildConfiguration;
			buildSettings = {
				ASSETCATALOG_COMPILER_APPICON_NAME = AppIcon;
				INFOPLIST_FILE = function/Info.plist;
				LD_RUNPATH_SEARCH_PATHS = "$(inherited) @executable_path/Frameworks";
				PRODUCT_BUNDLE_IDENTIFIER = "-11.function";
				PRODUCT_NAME = "$(TARGET_NAME)";
			};
			name = Release;
		};
/* End XCBuildConfiguration section */

/* Begin XCConfigurationList section */
		3DB694D41D1EBC8700DB8A07 /* Build configuration list for PBXProject "function" */ = {
			isa = XCConfigurationList;
			buildConfigurations = (
				3DB694F11D1EBC8700DB8A07 /* Debug */,
				3DB694F21D1EBC8700DB8A07 /* Release */,
			);
			defaultConfigurationIsVisible = 0;
			defaultConfigurationName = Release;
		};
		3DB694F31D1EBC8700DB8A07 /* Build configuration list for PBXNativeTarget "function" */ = {
			isa = XCConfigurationList;
			buildConfigurations = (
				3DB694F41D1EBC8700DB8A07 /* Debug */,
				3DB694F51D1EBC8700DB8A07 /* Release */,
			);
			defaultConfigurationIsVisible = 0;
		};
/* End XCConfigurationList section */

/* Begin XCVersionGroup section */
		3DB694E81D1EBC8700DB8A07 /* function.xcdatamodeld */ = {
			isa = XCVersionGroup;
			children = (
				3DB694E91D1EBC8700DB8A07 /* function.xcdatamodel */,
			);
			currentVersion = 3DB694E91D1EBC8700DB8A07 /* function.xcdatamodel */;
			path = function.xcdatamodeld;
			sourceTree = "<group>";
			versionGroupType = wrapper.xcdatamodel;
		};
/* End XCVersionGroup section */
	};
	rootObject = 3DB694D11D1EBC8700DB8A07 /* Project object */;
}
